{
  "name": "fm-bench",
  "version": "0.8.0",
  "lockfileVersion": 3,
  "requires": true,
  "packages": {
    "": {
      "name": "fm-bench",
      "version": "0.8.0",
      "license": "MIT",
      "os": [
        "darwin"
      ],
      "bin": {
        "fm-bench": "bin/fm-bench.js"
      },
      "engines": {
        "node": ">=22"
      }
    }
  }
}
